
Microsoft Visual Studio Solution File, Format Version 12.00
# Visual Studio Version 17
VisualStudioVersion = 17.3.32825.248
MinimumVisualStudioVersion = 10.0.40219.1
Project("{8BC9CEB8-8B4A-11D0-8D11-00A0C91BC942}") = "HA-HA system", "HA-HA system\HA-HA system.vcxproj", "{44CCBF85-C725-42E6-B56B-041C533E3650}"
EndProject
Global
	GlobalSection(SolutionConfigurationPlatforms) = preSolution
		Debug|ARM = Debug|ARM
		Debug|x64 = Debug|x64
		Debug|x86 = Debug|x86
		Release|ARM = Release|ARM
		Release|x64 = Release|x64
		Release|x86 = Release|x86
	EndGlobalSection
	GlobalSection(ProjectConfigurationPlatforms) = postSolution
		{44CCBF85-C725-42E6-B56B-041C533E3650}.Debug|ARM.ActiveCfg = Debug|x64
		{44CCBF85-C725-42E6-B56B-041C533E3650}.Debug|ARM.Build.0 = Debug|x64
		{44CCBF85-C725-42E6-B56B-041C533E3650}.Debug|x64.ActiveCfg = Debug|ARM
		{44CCBF85-C725-42E6-B56B-041C533E3650}.Debug|x64.Build.0 = Debug|ARM
		{44CCBF85-C725-42E6-B56B-041C533E3650}.Debug|x86.ActiveCfg = Debug|Win32
		{44CCBF85-C725-42E6-B56B-041C533E3650}.Debug|x86.Build.0 = Debug|Win32
		{44CCBF85-C725-42E6-B56B-041C533E3650}.Release|ARM.ActiveCfg = Release|ARM
		{44CCBF85-C725-42E6-B56B-041C533E3650}.Release|ARM.Build.0 = Release|ARM
		{44CCBF85-C725-42E6-B56B-041C533E3650}.Release|x64.ActiveCfg = Release|x64
		{44CCBF85-C725-42E6-B56B-041C533E3650}.Release|x64.Build.0 = Release|x64
		{44CCBF85-C725-42E6-B56B-041C533E3650}.Release|x86.ActiveCfg = Release|Win32
		{44CCBF85-C725-42E6-B56B-041C533E3650}.Release|x86.Build.0 = Release|Win32
	EndGlobalSection
	GlobalSection(SolutionProperties) = preSolution
		HideSolutionNode = FALSE
	EndGlobalSection
	GlobalSection(ExtensibilityGlobals) = postSolution
		SolutionGuid = {DF16E880-5961-41AD-A92D-4B47C75FF69F}
	EndGlobalSection
EndGlobal
